// !$*UTF8*$!
{
	archiveVersion = 1;
	classes = {
	};
	objectVersion = 55;
	objects = {

/* Begin PBXBuildFile section */
		26D308CA27E4AEC100A02A43 /* LandmarksApp.swift in Sources */ = {isa = PBXBuildFile; fileRef = 26D308C927E4AEC100A02A43 /* LandmarksApp.swift */; };
		26D308CC27E4AEC100A02A43 /* ContentView.swift in Sources */ = {isa = PBXBuildFile; fileRef = 26D308CB27E4AEC100A02A43 /* ContentView.swift */; };
		26D308CE27E4AEC200A02A43 /* Assets.xcassets in Resources */ = {isa = PBXBuildFile; fileRef = 26D308CD27E4AEC200A02A43 /* Assets.xcassets */; };
		26D308D127E4AEC200A02A43 /* Preview Assets.xcassets in Resources */ = {isa = PBXBuildFile; fileRef = 26D308D027E4AEC200A02A43 /* Preview Assets.xcassets */; };
		26D308DB27E4AEC200A02A43 /* LandmarksTests.swift in Sources */ = {isa = PBXBuildFile; fileRef = 26D308DA27E4AEC200A02A43 /* LandmarksTests.swift */; };
		26D308E527E4AEC200A02A43 /* LandmarksUITests.swift in Sources */ = {isa = PBXBuildFile; fileRef = 26D308E427E4AEC200A02A43 /* LandmarksUITests.swift */; };
		26D308E727E4AEC200A02A43 /* LandmarksUITestsLaunchTests.swift in Sources */ = {isa = PBXBuildFile; fileRef = 26D308E627E4AEC200A02A43 /* LandmarksUITestsLaunchTests.swift */; };
		26D308F427E4B54600A02A43 /* CircleImage.swift in Sources */ = {isa = PBXBuildFile; fileRef = 26D308F327E4B54600A02A43 /* CircleImage.swift */; };
		26D308F727E4B80100A02A43 /* MapView.swift in Sources */ = {isa = PBXBuildFile; fileRef = 26D308F627E4B80100A02A43 /* MapView.swift */; };
		26D308FA27E4C67100A02A43 /* landmarkData.json in Resources */ = {isa = PBXBuildFile; fileRef = 26D308F927E4C67100A02A43 /* landmarkData.json */; };
		26D308FC27E4C6D700A02A43 /* Landmark.swift in Sources */ = {isa = PBXBuildFile; fileRef = 26D308FB27E4C6D700A02A43 /* Landmark.swift */; };
		26D308FF27E4C87900A02A43 /* ModelData.swift in Sources */ = {isa = PBXBuildFile; fileRef = 26D308FE27E4C87900A02A43 /* ModelData.swift */; };
		26D3090127E4CA2C00A02A43 /* LandmarkRow.swift in Sources */ = {isa = PBXBuildFile; fileRef = 26D3090027E4CA2C00A02A43 /* LandmarkRow.swift */; };
		26D3090327E4CC7900A02A43 /* LandmarkList.swift in Sources */ = {isa = PBXBuildFile; fileRef = 26D3090227E4CC7900A02A43 /* LandmarkList.swift */; };
		26D3090527E4CE9500A02A43 /* LandmarkDetail.swift in Sources */ = {isa = PBXBuildFile; fileRef = 26D3090427E4CE9500A02A43 /* LandmarkDetail.swift */; };
/* End PBXBuildFile section */

/* Begin PBXContainerItemProxy section */
		26D308D727E4AEC200A02A43 /* PBXContainerItemProxy */ = {
			isa = PBXContainerItemProxy;
			containerPortal = 26D308BE27E4AEC100A02A43 /* Project object */;
			proxyType = 1;
			remoteGlobalIDString = 26D308C527E4AEC100A02A43;
			remoteInfo = Landmarks;
		};
		26D308E127E4AEC200A02A43 /* PBXContainerItemProxy */ = {
			isa = PBXContainerItemProxy;
			containerPortal = 26D308BE27E4AEC100A02A43 /* Project object */;
			proxyType = 1;
			remoteGlobalIDString = 26D308C527E4AEC100A02A43;
			remoteInfo = Landmarks;
		};
/* End PBXContainerItemProxy section */

/* Begin PBXFileReference section */
		26D308C627E4AEC100A02A43 /* Landmarks.app */ = {isa = PBXFileReference; explicitFileType = wrapper.application; includeInIndex = 0; path = Landmarks.app; sourceTree = BUILT_PRODUCTS_DIR; };
		26D308C927E4AEC100A02A43 /* LandmarksApp.swift */ = {isa = PBXFileReference; lastKnownFileType = sourcecode.swift; path = LandmarksApp.swift; sourceTree = "<group>"; };
		26D308CB27E4AEC100A02A43 /* ContentView.swift */ = {isa = PBXFileReference; lastKnownFileType = sourcecode.swift; path = ContentView.swift; sourceTree = "<group>"; };
		26D308CD27E4AEC200A02A43 /* Assets.xcassets */ = {isa = PBXFileReference; lastKnownFileType = folder.assetcatalog; path = Assets.xcassets; sourceTree = "<group>"; };
		26D308D027E4AEC200A02A43 /* Preview Assets.xcassets */ = {isa = PBXFileReference; lastKnownFileType = folder.assetcatalog; path = "Preview Assets.xcassets"; sourceTree = "<group>"; };
		26D308D627E4AEC200A02A43 /* LandmarksTests.xctest */ = {isa = PBXFileReference; explicitFileType = wrapper.cfbundle; includeInIndex = 0; path = LandmarksTests.xctest; sourceTree = BUILT_PRODUCTS_DIR; };
		26D308DA27E4AEC200A02A43 /* LandmarksTests.swift */ = {isa = PBXFileReference; lastKnownFileType = sourcecode.swift; path = LandmarksTests.swift; sourceTree = "<group>"; };
		26D308E027E4AEC200A02A43 /* LandmarksUITests.xctest */ = {isa = PBXFileReference; explicitFileType = wrapper.cfbundle; includeInIndex = 0; path = LandmarksUITests.xctest; sourceTree = BUILT_PRODUCTS_DIR; };
		26D308E427E4AEC200A02A43 /* LandmarksUITests.swift */ = {isa = PBXFileReference; lastKnownFileType = sourcecode.swift; path = LandmarksUITests.swift; sourceTree = "<group>"; };
		26D308E627E4AEC200A02A43 /* LandmarksUITestsLaunchTests.swift */ = {isa = PBXFileReference; lastKnownFileType = sourcecode.swift; path = LandmarksUITestsLaunchTests.swift; sourceTree = "<group>"; };
		26D308F327E4B54600A02A43 /* CircleImage.swift */ = {isa = PBXFileReference; lastKnownFileType = sourcecode.swift; path = CircleImage.swift; sourceTree = "<group>"; };
		26D308F627E4B80100A02A43 /* MapView.swift */ = {isa = PBXFileReference; lastKnownFileType = sourcecode.swift; path = MapView.swift; sourceTree = "<group>"; };
		26D308F927E4C67100A02A43 /* landmarkData.json */ = {isa = PBXFileReference; fileEncoding = 4; lastKnownFileType = text.json; path = landmarkData.json; sourceTree = "<group>"; };
		26D308FB27E4C6D700A02A43 /* Landmark.swift */ = {isa = PBXFileReference; lastKnownFileType = sourcecode.swift; path = Landmark.swift; sourceTree = "<group>"; };
		26D308FE27E4C87900A02A43 /* ModelData.swift */ = {isa = PBXFileReference; lastKnownFileType = sourcecode.swift; path = ModelData.swift; sourceTree = "<group>"; };
		26D3090027E4CA2C00A02A43 /* LandmarkRow.swift */ = {isa = PBXFileReference; lastKnownFileType = sourcecode.swift; path = LandmarkRow.swift; sourceTree = "<group>"; };
		26D3090227E4CC7900A02A43 /* LandmarkList.swift */ = {isa = PBXFileReference; lastKnownFileType = sourcecode.swift; path = LandmarkList.swift; sourceTree = "<group>"; };
		26D3090427E4CE9500A02A43 /* LandmarkDetail.swift */ = {isa = PBXFileReference; lastKnownFileType = sourcecode.swift; path = LandmarkDetail.swift; sourceTree = "<group>"; };
/* End PBXFileReference section */

/* Begin PBXFrameworksBuildPhase section */
		26D308C327E4AEC100A02A43 /* Frameworks */ = {
			isa = PBXFrameworksBuildPhase;
			buildActionMask = 2147483647;
			files = (
			);
			runOnlyForDeploymentPostprocessing = 0;
		};
		26D308D327E4AEC200A02A43 /* Frameworks */ = {
			isa = PBXFrameworksBuildPhase;
			buildActionMask = 2147483647;
			files = (
			);
			runOnlyForDeploymentPostprocessing = 0;
		};
		26D308DD27E4AEC200A02A43 /* Frameworks */ = {
			isa = PBXFrameworksBuildPhase;
			buildActionMask = 2147483647;
			files = (
			);
			runOnlyForDeploymentPostprocessing = 0;
		};
/* End PBXFrameworksBuildPhase section */

/* Begin PBXGroup section */
		26D308BD27E4AEC100A02A43 = {
			isa = PBXGroup;
			children = (
				26D308C827E4AEC100A02A43 /* Landmarks */,
				26D308D927E4AEC200A02A43 /* LandmarksTests */,
				26D308E327E4AEC200A02A43 /* LandmarksUITests */,
				26D308C727E4AEC100A02A43 /* Products */,
			);
			sourceTree = "<group>";
		};
		26D308C727E4AEC100A02A43 /* Products */ = {
			isa = PBXGroup;
			children = (
				26D308C627E4AEC100A02A43 /* Landmarks.app */,
				26D308D627E4AEC200A02A43 /* LandmarksTests.xctest */,
				26D308E027E4AEC200A02A43 /* LandmarksUITests.xctest */,
			);
			name = Products;
			sourceTree = "<group>";
		};
		26D308C827E4AEC100A02A43 /* Landmarks */ = {
			isa = PBXGroup;
			children = (
				26D308C927E4AEC100A02A43 /* LandmarksApp.swift */,
				26D308F527E4B7BA00A02A43 /* Views */,
				26D308FD27E4C86C00A02A43 /* Model */,
				26D308F827E4C65100A02A43 /* Resources */,
				26D308CD27E4AEC200A02A43 /* Assets.xcassets */,
				26D308CF27E4AEC200A02A43 /* Preview Content */,
			);
			path = Landmarks;
			sourceTree = "<group>";
		};
		26D308CF27E4AEC200A02A43 /* Preview Content */ = {
			isa = PBXGroup;
			children = (
				26D308D027E4AEC200A02A43 /* Preview Assets.xcassets */,
			);
			path = "Preview Content";
			sourceTree = "<group>";
		};
		26D308D927E4AEC200A02A43 /* LandmarksTests */ = {
			isa = PBXGroup;
			children = (
				26D308DA27E4AEC200A02A43 /* LandmarksTests.swift */,
			);
			path = LandmarksTests;
			sourceTree = "<group>";
		};
		26D308E327E4AEC200A02A43 /* LandmarksUITests */ = {
			isa = PBXGroup;
			children = (
				26D308E427E4AEC200A02A43 /* LandmarksUITests.swift */,
				26D308E627E4AEC200A02A43 /* LandmarksUITestsLaunchTests.swift */,
			);
			path = LandmarksUITests;
			sourceTree = "<group>";
		};
		26D308F527E4B7BA00A02A43 /* Views */ = {
			isa = PBXGroup;
			children = (
				26D308CB27E4AEC100A02A43 /* ContentView.swift */,
				26D308F327E4B54600A02A43 /* CircleImage.swift */,
				26D308F627E4B80100A02A43 /* MapView.swift */,
				26D3090027E4CA2C00A02A43 /* LandmarkRow.swift */,
				26D3090227E4CC7900A02A43 /* LandmarkList.swift */,
				26D3090427E4CE9500A02A43 /* LandmarkDetail.swift */,
			);
			path = Views;
			sourceTree = "<group>";
		};
		26D308F827E4C65100A02A43 /* Resources */ = {
			isa = PBXGroup;
			children = (
				26D308F927E4C67100A02A43 /* landmarkData.json */,
			);
			path = Resources;
			sourceTree = "<group>";
		};
		26D308FD27E4C86C00A02A43 /* Model */ = {
			isa = PBXGroup;
			children = (
				26D308FB27E4C6D700A02A43 /* Landmark.swift */,
				26D308FE27E4C87900A02A43 /* ModelData.swift */,
			);
			path = Model;
			sourceTree = "<group>";
		};
/* End PBXGroup section */

/* Begin PBXNativeTarget section */
		26D308C527E4AEC100A02A43 /* Landmarks */ = {
			isa = PBXNativeTarget;
			buildConfigurationList = 26D308EA27E4AEC200A02A43 /* Build configuration list for PBXNativeTarget "Landmarks" */;
			buildPhases = (
				26D308C227E4AEC100A02A43 /* Sources */,
				26D308C327E4AEC100A02A43 /* Frameworks */,
				26D308C427E4AEC100A02A43 /* Resources */,
			);
			buildRules = (
			);
			dependencies = (
			);
			name = Landmarks;
			productName = Landmarks;
			productReference = 26D308C627E4AEC100A02A43 /* Landmarks.app */;
			productType = "com.apple.product-type.application";
		};
		26D308D527E4AEC200A02A43 /* LandmarksTests */ = {
			isa = PBXNativeTarget;
			buildConfigurationList = 26D308ED27E4AEC200A02A43 /* Build configuration list for PBXNativeTarget "LandmarksTests" */;
			buildPhases = (
				26D308D227E4AEC200A02A43 /* Sources */,
				26D308D327E4AEC200A02A43 /* Frameworks */,
				26D308D427E4AEC200A02A43 /* Resources */,
			);
			buildRules = (
			);
			dependencies = (
				26D308D827E4AEC200A02A43 /* PBXTargetDependency */,
			);
			name = LandmarksTests;
			productName = LandmarksTests;
			productReference = 26D308D627E4AEC200A02A43 /* LandmarksTests.xctest */;
			productType = "com.apple.product-type.bundle.unit-test";
		};
		26D308DF27E4AEC200A02A43 /* LandmarksUITests */ = {
			isa = PBXNativeTarget;
			buildConfigurationList = 26D308F027E4AEC200A02A43 /* Build configuration list for PBXNativeTarget "LandmarksUITests" */;
			buildPhases = (
				26D308DC27E4AEC200A02A43 /* Sources */,
				26D308DD27E4AEC200A02A43 /* Frameworks */,
				26D308DE27E4AEC200A02A43 /* Resources */,
			);
			buildRules = (
			);
			dependencies = (
				26D308E227E4AEC200A02A43 /* PBXTargetDependency */,
			);
			name = LandmarksUITests;
			productName = LandmarksUITests;
			productReference = 26D308E027E4AEC200A02A43 /* LandmarksUITests.xctest */;
			productType = "com.apple.product-type.bundle.ui-testing";
		};
/* End PBXNativeTarget section */

/* Begin PBXProject section */
		26D308BE27E4AEC100A02A43 /* Project object */ = {
			isa = PBXProject;
			attributes = {
				BuildIndependentTargetsInParallel = 1;
				LastSwiftUpdateCheck = 1320;
				LastUpgradeCheck = 1320;
				TargetAttributes = {
					26D308C527E4AEC100A02A43 = {
						CreatedOnToolsVersion = 13.2.1;
					};
					26D308D527E4AEC200A02A43 = {
						CreatedOnToolsVersion = 13.2.1;
						TestTargetID = 26D308C527E4AEC100A02A43;
					};
					26D308DF27E4AEC200A02A43 = {
						CreatedOnToolsVersion = 13.2.1;
						TestTargetID = 26D308C527E4AEC100A02A43;
					};
				};
			};
			buildConfigurationList = 26D308C127E4AEC100A02A43 /* Build configuration list for PBXProject "Landmarks" */;
			compatibilityVersion = "Xcode 13.0";
			developmentRegion = en;
			hasScannedForEncodings = 0;
			knownRegions = (
				en,
				Base,
			);
			mainGroup = 26D308BD27E4AEC100A02A43;
			productRefGroup = 26D308C727E4AEC100A02A43 /* Products */;
			projectDirPath = "";
			projectRoot = "";
			targets = (
				26D308C527E4AEC100A02A43 /* Landmarks */,
				26D308D527E4AEC200A02A43 /* LandmarksTests */,
				26D308DF27E4AEC200A02A43 /* LandmarksUITests */,
			);
		};
/* End PBXProject section */

/* Begin PBXResourcesBuildPhase section */
		26D308C427E4AEC100A02A43 /* Resources */ = {
			isa = PBXResourcesBuildPhase;
			buildActionMask = 2147483647;
			files = (
				26D308D127E4AEC200A02A43 /* Preview Assets.xcassets in Resources */,
				26D308CE27E4AEC200A02A43 /* Assets.xcassets in Resources */,
				26D308FA27E4C67100A02A43 /* landmarkData.json in Resources */,
			);
			runOnlyForDeploymentPostprocessing = 0;
		};
		26D308D427E4AEC200A02A43 /* Resources */ = {
			isa = PBXResourcesBuildPhase;
			buildActionMask = 2147483647;
			files = (
			);
			runOnlyForDeploymentPostprocessing = 0;
		};
		26D308DE27E4AEC200A02A43 /* Resources */ = {
			isa = PBXResourcesBuildPhase;
			buildActionMask = 2147483647;
			files = (
			);
			runOnlyForDeploymentPostprocessing = 0;
		};
/* End PBXResourcesBuildPhase section */

/* Begin PBXSourcesBuildPhase section */
		26D308C227E4AEC100A02A43 /* Sources */ = {
			isa = PBXSourcesBuildPhase;
			buildActionMask = 2147483647;
			files = (
				26D308CC27E4AEC100A02A43 /* ContentView.swift in Sources */,
				26D308F727E4B80100A02A43 /* MapView.swift in Sources */,
				26D308CA27E4AEC100A02A43 /* LandmarksApp.swift in Sources */,
				26D3090327E4CC7900A02A43 /* LandmarkList.swift in Sources */,
				26D3090527E4CE9500A02A43 /* LandmarkDetail.swift in Sources */,
				26D308F427E4B54600A02A43 /* CircleImage.swift in Sources */,
				26D308FC27E4C6D700A02A43 /* Landmark.swift in Sources */,
				26D3090127E4CA2C00A02A43 /* LandmarkRow.swift in Sources */,
				26D308FF27E4C87900A02A43 /* ModelData.swift in Sources */,
			);
			runOnlyForDeploymentPostprocessing = 0;
		};
		26D308D227E4AEC200A02A43 /* Sources */ = {
			isa = PBXSourcesBuildPhase;
			buildActionMask = 2147483647;
			files = (
				26D308DB27E4AEC200A02A43 /* LandmarksTests.swift in Sources */,
			);
			runOnlyForDeploymentPostprocessing = 0;
		};
		26D308DC27E4AEC200A02A43 /* Sources */ = {
			isa = PBXSourcesBuildPhase;
			buildActionMask = 2147483647;
			files = (
				26D308E727E4AEC200A02A43 /* LandmarksUITestsLaunchTests.swift in Sources */,
				26D308E527E4AEC200A02A43 /* LandmarksUITests.swift in Sources */,
			);
			runOnlyForDeploymentPostprocessing = 0;
		};
/* End PBXSourcesBuildPhase section */

/* Begin PBXTargetDependency section */
		26D308D827E4AEC200A02A43 /* PBXTargetDependency */ = {
			isa = PBXTargetDependency;
			target = 26D308C527E4AEC100A02A43 /* Landmarks */;
			targetProxy = 26D308D727E4AEC200A02A43 /* PBXContainerItemProxy */;
		};
		26D308E227E4AEC200A02A43 /* PBXTargetDependency */ = {
			isa = PBXTargetDependency;
			target = 26D308C527E4AEC100A02A43 /* Landmarks */;
			targetProxy = 26D308E127E4AEC200A02A43 /* PBXContainerItemProxy */;
		};
/* End PBXTargetDependency section */

/* Begin XCBuildConfiguration section */
		26D308E827E4AEC200A02A43 /* Debug */ = {
			isa = XCBuildConfiguration;
			buildSettings = {
				ALWAYS_SEARCH_USER_PATHS = NO;
				CLANG_ANALYZER_NONNULL = YES;
				CLANG_ANALYZER_NUMBER_OBJECT_CONVERSION = YES_AGGRESSIVE;
				CLANG_CXX_LANGUAGE_STANDARD = "gnu++17";
				CLANG_CXX_LIBRARY = "libc++";
				CLANG_ENABLE_MODULES = YES;
				CLANG_ENABLE_OBJC_ARC = YES;
				CLANG_ENABLE_OBJC_WEAK = YES;
				CLANG_WARN_BLOCK_CAPTURE_AUTORELEASING = YES;
				CLANG_WARN_BOOL_CONVERSION = YES;
				CLANG_WARN_COMMA = YES;
				CLANG_WARN_CONSTANT_CONVERSION = YES;
				CLANG_WARN_DEPRECATED_OBJC_IMPLEMENTATIONS = YES;
				CLANG_WARN_DIRECT_OBJC_ISA_USAGE = YES_ERROR;
				CLANG_WARN_DOCUMENTATION_COMMENTS = YES;
				CLANG_WARN_EMPTY_BODY = YES;
				CLANG_WARN_ENUM_CONVERSION = YES;
				CLANG_WARN_INFINITE_RECURSION = YES;
				CLANG_WARN_INT_CONVERSION = YES;
				CLANG_WARN_NON_LITERAL_NULL_CONVERSION = YES;
				CLANG_WARN_OBJC_IMPLICIT_RETAIN_SELF = YES;
				CLANG_WARN_OBJC_LITERAL_CONVERSION = YES;
				CLANG_WARN_OBJC_ROOT_CLASS = YES_ERROR;
				CLANG_WARN_QUOTED_INCLUDE_IN_FRAMEWORK_HEADER = YES;
				CLANG_WARN_RANGE_LOOP_ANALYSIS = YES;
				CLANG_WARN_STRICT_PROTOTYPES = YES;
				CLANG_WARN_SUSPICIOUS_MOVE = YES;
				CLANG_WARN_UNGUARDED_AVAILABILITY = YES_AGGRESSIVE;
				CLANG_WARN_UNREACHABLE_CODE = YES;
				CLANG_WARN__DUPLICATE_METHOD_MATCH = YES;
				COPY_PHASE_STRIP = NO;
				DEBUG_INFORMATION_FORMAT = dwarf;
				ENABLE_STRICT_OBJC_MSGSEND = YES;
				ENABLE_TESTABILITY = YES;
				GCC_C_LANGUAGE_STANDARD = gnu11;
				GCC_DYNAMIC_NO_PIC = NO;
				GCC_NO_COMMON_BLOCKS = YES;
				GCC_OPTIMIZATION_LEVEL = 0;
				GCC_PREPROCESSOR_DEFINITIONS = (
					"DEBUG=1",
					"$(inherited)",
				);
				GCC_WARN_64_TO_32_BIT_CONVERSION = YES;
				GCC_WARN_ABOUT_RETURN_TYPE = YES_ERROR;
				GCC_WARN_UNDECLARED_SELECTOR = YES;
				GCC_WARN_UNINITIALIZED_AUTOS = YES_AGGRESSIVE;
				GCC_WARN_UNUSED_FUNCTION = YES;
				GCC_WARN_UNUSED_VARIABLE = YES;
				IPHONEOS_DEPLOYMENT_TARGET = 15.2;
				MTL_ENABLE_DEBUG_INFO = INCLUDE_SOURCE;
				MTL_FAST_MATH = YES;
				ONLY_ACTIVE_ARCH = YES;
				SDKROOT = iphoneos;
				SWIFT_ACTIVE_COMPILATION_CONDITIONS = DEBUG;
				SWIFT_OPTIMIZATION_LEVEL = "-Onone";
			};
			name = Debug;
		};
		26D308E927E4AEC200A02A43 /* Release */ = {
			isa = XCBuildConfiguration;
			buildSettings = {
				ALWAYS_SEARCH_USER_PATHS = NO;
				CLANG_ANALYZER_NONNULL = YES;
				CLANG_ANALYZER_NUMBER_OBJECT_CONVERSION = YES_AGGRESSIVE;
				CLANG_CXX_LANGUAGE_STANDARD = "gnu++17";
				CLANG_CXX_LIBRARY = "libc++";
				CLANG_ENABLE_MODULES = YES;
				CLANG_ENABLE_OBJC_ARC = YES;
				CLANG_ENABLE_OBJC_WEAK = YES;
				CLANG_WARN_BLOCK_CAPTURE_AUTORELEASING = YES;
				CLANG_WARN_BOOL_CONVERSION = YES;
				CLANG_WARN_COMMA = YES;
				CLANG_WARN_CONSTANT_CONVERSION = YES;
				CLANG_WARN_DEPRECATED_OBJC_IMPLEMENTATIONS = YES;
				CLANG_WARN_DIRECT_OBJC_ISA_USAGE = YES_ERROR;
				CLANG_WARN_DOCUMENTATION_COMMENTS = YES;
				CLANG_WARN_EMPTY_BODY = YES;
				CLANG_WARN_ENUM_CONVERSION = YES;
				CLANG_WARN_INFINITE_RECURSION = YES;
				CLANG_WARN_INT_CONVERSION = YES;
				CLANG_WARN_NON_LITERAL_NULL_CONVERSION = YES;
				CLANG_WARN_OBJC_IMPLICIT_RETAIN_SELF = YES;
				CLANG_WARN_OBJC_LITERAL_CONVERSION = YES;
				CLANG_WARN_OBJC_ROOT_CLASS = YES_ERROR;
				CLANG_WARN_QUOTED_INCLUDE_IN_FRAMEWORK_HEADER = YES;
				CLANG_WARN_RANGE_LOOP_ANALYSIS = YES;
				CLANG_WARN_STRICT_PROTOTYPES = YES;
				CLANG_WARN_SUSPICIOUS_MOVE = YES;
				CLANG_WARN_UNGUARDED_AVAILABILITY = YES_AGGRESSIVE;
				CLANG_WARN_UNREACHABLE_CODE = YES;
				CLANG_WARN__DUPLICATE_METHOD_MATCH = YES;
				COPY_PHASE_STRIP = NO;
				DEBUG_INFORMATION_FORMAT = "dwarf-with-dsym";
				ENABLE_NS_ASSERTIONS = NO;
				ENABLE_STRICT_OBJC_MSGSEND = YES;
				GCC_C_LANGUAGE_STANDARD = gnu11;
				GCC_NO_COMMON_BLOCKS = YES;
				GCC_WARN_64_TO_32_BIT_CONVERSION = YES;
				GCC_WARN_ABOUT_RETURN_TYPE = YES_ERROR;
				GCC_WARN_UNDECLARED_SELECTOR = YES;
				GCC_WARN_UNINITIALIZED_AUTOS = YES_AGGRESSIVE;
				GCC_WARN_UNUSED_FUNCTION = YES;
				GCC_WARN_UNUSED_VARIABLE = YES;
				IPHONEOS_DEPLOYMENT_TARGET = 15.2;
				MTL_ENABLE_DEBUG_INFO = NO;
				MTL_FAST_MATH = YES;
				SDKROOT = iphoneos;
				SWIFT_COMPILATION_MODE = wholemodule;
				SWIFT_OPTIMIZATION_LEVEL = "-O";
				VALIDATE_PRODUCT = YES;
			};
			name = Release;
		};
		26D308EB27E4AEC200A02A43 /* Debug */ = {
			isa = XCBuildConfiguration;
			buildSettings = {
				ASSETCATALOG_COMPILER_APPICON_NAME = AppIcon;
				ASSETCATALOG_COMPILER_GLOBAL_ACCENT_COLOR_NAME = AccentColor;
				CODE_SIGN_STYLE = Automatic;
				CURRENT_PROJECT_VERSION = 1;
				DEVELOPMENT_ASSET_PATHS = "\"Landmarks/Preview Content\"";
				DEVELOPMENT_TEAM = 43F4GWVCFZ;
				ENABLE_PREVIEWS = YES;
				GENERATE_INFOPLIST_FILE = YES;
				INFOPLIST_KEY_UIApplicationSceneManifest_Generation = YES;
				INFOPLIST_KEY_UIApplicationSupportsIndirectInputEvents = YES;
				INFOPLIST_KEY_UILaunchScreen_Generation = YES;
				INFOPLIST_KEY_UISupportedInterfaceOrientations_iPad = "UIInterfaceOrientationPortrait UIInterfaceOrientationPortraitUpsideDown UIInterfaceOrientationLandscapeLeft UIInterfaceOrientationLandscapeRight";
				INFOPLIST_KEY_UISupportedInterfaceOrientations_iPhone = "UIInterfaceOrientationPortrait UIInterfaceOrientationLandscapeLeft UIInterfaceOrientationLandscapeRight";
				LD_RUNPATH_SEARCH_PATHS = (
					"$(inherited)",
					"@executable_path/Frameworks",
				);
				MARKETING_VERSION = 1.0;
				PRODUCT_BUNDLE_IDENTIFIER = saurav.sagar.Landmarks;
				PRODUCT_NAME = "$(TARGET_NAME)";
				SWIFT_EMIT_LOC_STRINGS = YES;
				SWIFT_VERSION = 5.0;
				TARGETED_DEVICE_FAMILY = "1,2";
			};
			name = Debug;
		};
		26D308EC27E4AEC200A02A43 /* Release */ = {
			isa = XCBuildConfiguration;
			buildSettings = {
				ASSETCATALOG_COMPILER_APPICON_NAME = AppIcon;
				ASSETCATALOG_COMPILER_GLOBAL_ACCENT_COLOR_NAME = AccentColor;
				CODE_SIGN_STYLE = Automatic;
				CURRENT_PROJECT_VERSION = 1;
				DEVELOPMENT_ASSET_PATHS = "\"Landmarks/Preview Content\"";
				DEVELOPMENT_TEAM = 43F4GWVCFZ;
				ENABLE_PREVIEWS = YES;
				GENERATE_INFOPLIST_FILE = YES;
				INFOPLIST_KEY_UIApplicationSceneManifest_Generation = YES;
				INFOPLIST_KEY_UIApplicationSupportsIndirectInputEvents = YES;
				INFOPLIST_KEY_UILaunchScreen_Generation = YES;
				INFOPLIST_KEY_UISupportedInterfaceOrientations_iPad = "UIInterfaceOrientationPortrait UIInterfaceOrientationPortraitUpsideDown UIInterfaceOrientationLandscapeLeft UIInterfaceOrientationLandscapeRight";
				INFOPLIST_KEY_UISupportedInterfaceOrientations_iPhone = "UIInterfaceOrientationPortrait UIInterfaceOrientationLandscapeLeft UIInterfaceOrientationLandscapeRight";
				LD_RUNPATH_SEARCH_PATHS = (
					"$(inherited)",
					"@executable_path/Frameworks",
				);
				MARKETING_VERSION = 1.0;
				PRODUCT_BUNDLE_IDENTIFIER = saurav.sagar.Landmarks;
				PRODUCT_NAME = "$(TARGET_NAME)";
				SWIFT_EMIT_LOC_STRINGS = YES;
				SWIFT_VERSION = 5.0;
				TARGETED_DEVICE_FAMILY = "1,2";
			};
			name = Release;
		};
		26D308EE27E4AEC200A02A43 /* Debug */ = {
			isa = XCBuildConfiguration;
			buildSettings = {
				ALWAYS_EMBED_SWIFT_STANDARD_LIBRARIES = YES;
				BUNDLE_LOADER = "$(TEST_HOST)";
				CODE_SIGN_STYLE = Automatic;
				CURRENT_PROJECT_VERSION = 1;
				DEVELOPMENT_TEAM = 43F4GWVCFZ;
				GENERATE_INFOPLIST_FILE = YES;
				IPHONEOS_DEPLOYMENT_TARGET = 15.2;
				MARKETING_VERSION = 1.0;
				PRODUCT_BUNDLE_IDENTIFIER = saurav.sagar.LandmarksTests;
				PRODUCT_NAME = "$(TARGET_NAME)";
				SWIFT_EMIT_LOC_STRINGS = NO;
				SWIFT_VERSION = 5.0;
				TARGETED_DEVICE_FAMILY = "1,2";
				TEST_HOST = "$(BUILT_PRODUCTS_DIR)/Landmarks.app/Landmarks";
			};
			name = Debug;
		};
		26D308EF27E4AEC200A02A43 /* Release */ = {
			isa = XCBuildConfiguration;
			buildSettings = {
				ALWAYS_EMBED_SWIFT_STANDARD_LIBRARIES = YES;
				BUNDLE_LOADER = "$(TEST_HOST)";
				CODE_SIGN_STYLE = Automatic;
				CURRENT_PROJECT_VERSION = 1;
				DEVELOPMENT_TEAM = 43F4GWVCFZ;
				GENERATE_INFOPLIST_FILE = YES;
				IPHONEOS_DEPLOYMENT_TARGET = 15.2;
				MARKETING_VERSION = 1.0;
				PRODUCT_BUNDLE_IDENTIFIER = saurav.sagar.LandmarksTests;
				PRODUCT_NAME = "$(TARGET_NAME)";
				SWIFT_EMIT_LOC_STRINGS = NO;
				SWIFT_VERSION = 5.0;
				TARGETED_DEVICE_FAMILY = "1,2";
				TEST_HOST = "$(BUILT_PRODUCTS_DIR)/Landmarks.app/Landmarks";
			};
			name = Release;
		};
		26D308F127E4AEC200A02A43 /* Debug */ = {
			isa = XCBuildConfiguration;
			buildSettings = {
				ALWAYS_EMBED_SWIFT_STANDARD_LIBRARIES = YES;
				CODE_SIGN_STYLE = Automatic;
				CURRENT_PROJECT_VERSION = 1;
				DEVELOPMENT_TEAM = 43F4GWVCFZ;
				GENERATE_INFOPLIST_FILE = YES;
				MARKETING_VERSION = 1.0;
				PRODUCT_BUNDLE_IDENTIFIER = saurav.sagar.LandmarksUITests;
				PRODUCT_NAME = "$(TARGET_NAME)";
				SWIFT_EMIT_LOC_STRINGS = NO;
				SWIFT_VERSION = 5.0;
				TARGETED_DEVICE_FAMILY = "1,2";
				TEST_TARGET_NAME = Landmarks;
			};
			name = Debug;
		};
		26D308F227E4AEC200A02A43 /* Release */ = {
			isa = XCBuildConfiguration;
			buildSettings = {
				ALWAYS_EMBED_SWIFT_STANDARD_LIBRARIES = YES;
				CODE_SIGN_STYLE = Automatic;
				CURRENT_PROJECT_VERSION = 1;
				DEVELOPMENT_TEAM = 43F4GWVCFZ;
				GENERATE_INFOPLIST_FILE = YES;
				MARKETING_VERSION = 1.0;
				PRODUCT_BUNDLE_IDENTIFIER = saurav.sagar.LandmarksUITests;
				PRODUCT_NAME = "$(TARGET_NAME)";
				SWIFT_EMIT_LOC_STRINGS = NO;
				SWIFT_VERSION = 5.0;
				TARGETED_DEVICE_FAMILY = "1,2";
				TEST_TARGET_NAME = Landmarks;
			};
			name = Release;
		};
/* End XCBuildConfiguration section */

/* Begin XCConfigurationList section */
		26D308C127E4AEC100A02A43 /* Build configuration list for PBXProject "Landmarks" */ = {
			isa = XCConfigurationList;
			buildConfigurations = (
				26D308E827E4AEC200A02A43 /* Debug */,
				26D308E927E4AEC200A02A43 /* Release */,
			);
			defaultConfigurationIsVisible = 0;
			defaultConfigurationName = Release;
		};
		26D308EA27E4AEC200A02A43 /* Build configuration list for PBXNativeTarget "Landmarks" */ = {
			isa = XCConfigurationList;
			buildConfigurations = (
				26D308EB27E4AEC200A02A43 /* Debug */,
				26D308EC27E4AEC200A02A43 /* Release */,
			);
			defaultConfigurationIsVisible = 0;
			defaultConfigurationName = Release;
		};
		26D308ED27E4AEC200A02A43 /* Build configuration list for PBXNativeTarget "LandmarksTests" */ = {
			isa = XCConfigurationList;
			buildConfigurations = (
				26D308EE27E4AEC200A02A43 /* Debug */,
				26D308EF27E4AEC200A02A43 /* Release */,
			);
			defaultConfigurationIsVisible = 0;
			defaultConfigurationName = Release;
		};
		26D308F027E4AEC200A02A43 /* Build configuration list for PBXNativeTarget "LandmarksUITests" */ = {
			isa = XCConfigurationList;
			buildConfigurations = (
				26D308F127E4AEC200A02A43 /* Debug */,
				26D308F227E4AEC200A02A43 /* Release */,
			);
			defaultConfigurationIsVisible = 0;
			defaultConfigurationName = Release;
		};
/* End XCConfigurationList section */
	};
	rootObject = 26D308BE27E4AEC100A02A43 /* Project object */;
}
